// !$*UTF8*$!
{
	archiveVersion = 1;
	classes = {
	};
	objectVersion = 46;
	objects = {

/* Begin PBXBuildFile section */
		40C4FA641C773BD3003CDB34 /* main.m in Sources */ = {isa = PBXBuildFile; fileRef = 40C4FA631C773BD3003CDB34 /* main.m */; };
		40C4FA671C773BD3003CDB34 /* AppDelegate.m in Sources */ = {isa = PBXBuildFile; fileRef = 40C4FA661C773BD3003CDB34 /* AppDelegate.m */; };
		40C4FA6D1C773BD3003CDB34 /* Main.storyboard in Resources */ = {isa = PBXBuildFile; fileRef = 40C4FA6B1C773BD3003CDB34 /* Main.storyboard */; };
		40C4FA6F1C773BD3003CDB34 /* Assets.xcassets in Resources */ = {isa = PBXBuildFile; fileRef = 40C4FA6E1C773BD3003CDB34 /* Assets.xcassets */; };
		40C4FA721C773BD3003CDB34 /* LaunchScreen.storyboard in Resources */ = {isa = PBXBuildFile; fileRef = 40C4FA701C773BD3003CDB34 /* LaunchScreen.storyboard */; };
		EF09022A1C774E1100D9CF5E /* socialControllerIcon.png in Resources */ = {isa = PBXBuildFile; fileRef = EF0902291C774E1100D9CF5E /* socialControllerIcon.png */; };
		EFA6C7241C77474E00EA73D5 /* MainViewController.m in Sources */ = {isa = PBXBuildFile; fileRef = EFA6C7231C77474E00EA73D5 /* MainViewController.m */; };
		EFA6C7291C7747A400EA73D5 /* SocialViewController.m in Sources */ = {isa = PBXBuildFile; fileRef = EFA6C7281C7747A400EA73D5 /* SocialViewController.m */; };
		EFA6C72C1C77485700EA73D5 /* LibraryViewController.m in Sources */ = {isa = PBXBuildFile; fileRef = EFA6C72B1C77485700EA73D5 /* LibraryViewController.m */; };
		EFA6C72F1C77486C00EA73D5 /* EditViewController.m in Sources */ = {isa = PBXBuildFile; fileRef = EFA6C72E1C77486C00EA73D5 /* EditViewController.m */; };
/* End PBXBuildFile section */

/* Begin PBXFileReference section */
		40C4FA5F1C773BD3003CDB34 /* ImgurMobile.app */ = {isa = PBXFileReference; explicitFileType = wrapper.application; includeInIndex = 0; path = ImgurMobile.app; sourceTree = BUILT_PRODUCTS_DIR; };
		40C4FA631C773BD3003CDB34 /* main.m */ = {isa = PBXFileReference; lastKnownFileType = sourcecode.c.objc; path = main.m; sourceTree = "<group>"; };
		40C4FA651C773BD3003CDB34 /* AppDelegate.h */ = {isa = PBXFileReference; lastKnownFileType = sourcecode.c.h; path = AppDelegate.h; sourceTree = "<group>"; };
		40C4FA661C773BD3003CDB34 /* AppDelegate.m */ = {isa = PBXFileReference; lastKnownFileType = sourcecode.c.objc; path = AppDelegate.m; sourceTree = "<group>"; };
		40C4FA6C1C773BD3003CDB34 /* Base */ = {isa = PBXFileReference; lastKnownFileType = file.storyboard; name = Base; path = Base.lproj/Main.storyboard; sourceTree = "<group>"; };
		40C4FA6E1C773BD3003CDB34 /* Assets.xcassets */ = {isa = PBXFileReference; lastKnownFileType = folder.assetcatalog; path = Assets.xcassets; sourceTree = "<group>"; };
		40C4FA711C773BD3003CDB34 /* Base */ = {isa = PBXFileReference; lastKnownFileType = file.storyboard; name = Base; path = Base.lproj/LaunchScreen.storyboard; sourceTree = "<group>"; };
		40C4FA731C773BD3003CDB34 /* Info.plist */ = {isa = PBXFileReference; lastKnownFileType = text.plist.xml; path = Info.plist; sourceTree = "<group>"; };
		EF0902291C774E1100D9CF5E /* socialControllerIcon.png */ = {isa = PBXFileReference; lastKnownFileType = image.png; path = socialControllerIcon.png; sourceTree = "<group>"; };
		EFA6C7221C77474E00EA73D5 /* MainViewController.h */ = {isa = PBXFileReference; fileEncoding = 4; lastKnownFileType = sourcecode.c.h; path = MainViewController.h; sourceTree = "<group>"; };
		EFA6C7231C77474E00EA73D5 /* MainViewController.m */ = {isa = PBXFileReference; fileEncoding = 4; lastKnownFileType = sourcecode.c.objc; path = MainViewController.m; sourceTree = "<group>"; };
		EFA6C7271C7747A400EA73D5 /* SocialViewController.h */ = {isa = PBXFileReference; fileEncoding = 4; lastKnownFileType = sourcecode.c.h; path = SocialViewController.h; sourceTree = "<group>"; };
		EFA6C7281C7747A400EA73D5 /* SocialViewController.m */ = {isa = PBXFileReference; fileEncoding = 4; lastKnownFileType = sourcecode.c.objc; path = SocialViewController.m; sourceTree = "<group>"; };
		EFA6C72A1C77485700EA73D5 /* LibraryViewController.h */ = {isa = PBXFileReference; fileEncoding = 4; lastKnownFileType = sourcecode.c.h; path = LibraryViewController.h; sourceTree = "<group>"; };
		EFA6C72B1C77485700EA73D5 /* LibraryViewController.m */ = {isa = PBXFileReference; fileEncoding = 4; lastKnownFileType = sourcecode.c.objc; path = LibraryViewController.m; sourceTree = "<group>"; };
		EFA6C72D1C77486C00EA73D5 /* EditViewController.h */ = {isa = PBXFileReference; fileEncoding = 4; lastKnownFileType = sourcecode.c.h; path = EditViewController.h; sourceTree = "<group>"; };
		EFA6C72E1C77486C00EA73D5 /* EditViewController.m */ = {isa = PBXFileReference; fileEncoding = 4; lastKnownFileType = sourcecode.c.objc; path = EditViewController.m; sourceTree = "<group>"; };
/* End PBXFileReference section */

/* Begin PBXFrameworksBuildPhase section */
		40C4FA5C1C773BD3003CDB34 /* Frameworks */ = {
			isa = PBXFrameworksBuildPhase;
			buildActionMask = 2147483647;
			files = (
			);
			runOnlyForDeploymentPostprocessing = 0;
		};
/* End PBXFrameworksBuildPhase section */

/* Begin PBXGroup section */
		40C4FA561C773BD3003CDB34 = {
			isa = PBXGroup;
			children = (
				40C4FA611C773BD3003CDB34 /* ImgurMobile */,
				40C4FA601C773BD3003CDB34 /* Products */,
			);
			sourceTree = "<group>";
		};
		40C4FA601C773BD3003CDB34 /* Products */ = {
			isa = PBXGroup;
			children = (
				40C4FA5F1C773BD3003CDB34 /* ImgurMobile.app */,
			);
			name = Products;
			sourceTree = "<group>";
		};
		40C4FA611C773BD3003CDB34 /* ImgurMobile */ = {
			isa = PBXGroup;
			children = (
				40C4FA651C773BD3003CDB34 /* AppDelegate.h */,
				40C4FA661C773BD3003CDB34 /* AppDelegate.m */,
				40C4FA6B1C773BD3003CDB34 /* Main.storyboard */,
				EFA6C7251C77475600EA73D5 /* UI */,
				40C4FA621C773BD3003CDB34 /* Supporting Files */,
			);
			path = ImgurMobile;
			sourceTree = "<group>";
		};
		40C4FA621C773BD3003CDB34 /* Supporting Files */ = {
			isa = PBXGroup;
			children = (
				EF0902291C774E1100D9CF5E /* socialControllerIcon.png */,
				40C4FA6E1C773BD3003CDB34 /* Assets.xcassets */,
				40C4FA701C773BD3003CDB34 /* LaunchScreen.storyboard */,
				40C4FA731C773BD3003CDB34 /* Info.plist */,
				40C4FA631C773BD3003CDB34 /* main.m */,
			);
			name = "Supporting Files";
			sourceTree = "<group>";
		};
		EFA6C7251C77475600EA73D5 /* UI */ = {
			isa = PBXGroup;
			children = (
				EFA6C7221C77474E00EA73D5 /* MainViewController.h */,
				EFA6C7231C77474E00EA73D5 /* MainViewController.m */,
				EFA6C7271C7747A400EA73D5 /* SocialViewController.h */,
				EFA6C7281C7747A400EA73D5 /* SocialViewController.m */,
				EFA6C72A1C77485700EA73D5 /* LibraryViewController.h */,
				EFA6C72B1C77485700EA73D5 /* LibraryViewController.m */,
				EFA6C72D1C77486C00EA73D5 /* EditViewController.h */,
				EFA6C72E1C77486C00EA73D5 /* EditViewController.m */,
			);
			name = UI;
			sourceTree = "<group>";
		};
/* End PBXGroup section */

/* Begin PBXNativeTarget section */
		40C4FA5E1C773BD3003CDB34 /* ImgurMobile */ = {
			isa = PBXNativeTarget;
			buildConfigurationList = 40C4FA761C773BD3003CDB34 /* Build configuration list for PBXNativeTarget "ImgurMobile" */;
			buildPhases = (
				40C4FA5B1C773BD3003CDB34 /* Sources */,
				40C4FA5C1C773BD3003CDB34 /* Frameworks */,
				40C4FA5D1C773BD3003CDB34 /* Resources */,
			);
			buildRules = (
			);
			dependencies = (
			);
			name = ImgurMobile;
			productName = ImgurMobile;
			productReference = 40C4FA5F1C773BD3003CDB34 /* ImgurMobile.app */;
			productType = "com.apple.product-type.application";
		};
/* End PBXNativeTarget section */

/* Begin PBXProject section */
		40C4FA571C773BD3003CDB34 /* Project object */ = {
			isa = PBXProject;
			attributes = {
				LastUpgradeCheck = 0710;
				ORGANIZATIONNAME = Melany;
				TargetAttributes = {
					40C4FA5E1C773BD3003CDB34 = {
						CreatedOnToolsVersion = 7.1.1;
					};
				};
			};
			buildConfigurationList = 40C4FA5A1C773BD3003CDB34 /* Build configuration list for PBXProject "ImgurMobile" */;
			compatibilityVersion = "Xcode 3.2";
			developmentRegion = English;
			hasScannedForEncodings = 0;
			knownRegions = (
				en,
				Base,
			);
			mainGroup = 40C4FA561C773BD3003CDB34;
			productRefGroup = 40C4FA601C773BD3003CDB34 /* Products */;
			projectDirPath = "";
			projectRoot = "";
			targets = (
				40C4FA5E1C773BD3003CDB34 /* ImgurMobile */,
			);
		};
/* End PBXProject section */

/* Begin PBXResourcesBuildPhase section */
		40C4FA5D1C773BD3003CDB34 /* Resources */ = {
			isa = PBXResourcesBuildPhase;
			buildActionMask = 2147483647;
			files = (
				40C4FA721C773BD3003CDB34 /* LaunchScreen.storyboard in Resources */,
				40C4FA6F1C773BD3003CDB34 /* Assets.xcassets in Resources */,
				40C4FA6D1C773BD3003CDB34 /* Main.storyboard in Resources */,
				EF09022A1C774E1100D9CF5E /* socialControllerIcon.png in Resources */,
			);
			runOnlyForDeploymentPostprocessing = 0;
		};
/* End PBXResourcesBuildPhase section */

/* Begin PBXSourcesBuildPhase section */
		40C4FA5B1C773BD3003CDB34 /* Sources */ = {
			isa = PBXSourcesBuildPhase;
			buildActionMask = 2147483647;
			files = (
				EFA6C72C1C77485700EA73D5 /* LibraryViewController.m in Sources */,
				40C4FA671C773BD3003CDB34 /* AppDelegate.m in Sources */,
				40C4FA641C773BD3003CDB34 /* main.m in Sources */,
				EFA6C7241C77474E00EA73D5 /* MainViewController.m in Sources */,
				EFA6C72F1C77486C00EA73D5 /* EditViewController.m in Sources */,
				EFA6C7291C7747A400EA73D5 /* SocialViewController.m in Sources */,
			);
			runOnlyForDeploymentPostprocessing = 0;
		};
/* End PBXSourcesBuildPhase section */

/* Begin PBXVariantGroup section */
		40C4FA6B1C773BD3003CDB34 /* Main.storyboard */ = {
			isa = PBXVariantGroup;
			children = (
				40C4FA6C1C773BD3003CDB34 /* Base */,
			);
			name = Main.storyboard;
			sourceTree = "<group>";
		};
		40C4FA701C773BD3003CDB34 /* LaunchScreen.storyboard */ = {
			isa = PBXVariantGroup;
			children = (
				40C4FA711C773BD3003CDB34 /* Base */,
			);
			name = LaunchScreen.storyboard;
			sourceTree = "<group>";
		};
/* End PBXVariantGroup section */

/* Begin XCBuildConfiguration section */
		40C4FA741C773BD3003CDB34 /* Debug */ = {
			isa = XCBuildConfiguration;
			buildSettings = {
				ALWAYS_SEARCH_USER_PATHS = NO;
				CLANG_CXX_LANGUAGE_STANDARD = "gnu++0x";
				CLANG_CXX_LIBRARY = "libc++";
				CLANG_ENABLE_MODULES = YES;
				CLANG_ENABLE_OBJC_ARC = YES;
				CLANG_WARN_BOOL_CONVERSION = YES;
				CLANG_WARN_CONSTANT_CONVERSION = YES;
				CLANG_WARN_DIRECT_OBJC_ISA_USAGE = YES_ERROR;
				CLANG_WARN_EMPTY_BODY = YES;
				CLANG_WARN_ENUM_CONVERSION = YES;
				CLANG_WARN_INT_CONVERSION = YES;
				CLANG_WARN_OBJC_ROOT_CLASS = YES_ERROR;
				CLANG_WARN_UNREACHABLE_CODE = YES;
				CLANG_WARN__DUPLICATE_METHOD_MATCH = YES;
				"CODE_SIGN_IDENTITY[sdk=iphoneos*]" = "iPhone Developer";
				COPY_PHASE_STRIP = NO;
				DEBUG_INFORMATION_FORMAT = dwarf;
				ENABLE_STRICT_OBJC_MSGSEND = YES;
				ENABLE_TESTABILITY = YES;
				GCC_C_LANGUAGE_STANDARD = gnu99;
				GCC_DYNAMIC_NO_PIC = NO;
				GCC_NO_COMMON_BLOCKS = YES;
				GCC_OPTIMIZATION_LEVEL = 0;
				GCC_PREPROCESSOR_DEFINITIONS = (
					"DEBUG=1",
					"$(inherited)",
				);
				GCC_WARN_64_TO_32_BIT_CONVERSION = YES;
				GCC_WARN_ABOUT_RETURN_TYPE = YES_ERROR;
				GCC_WARN_UNDECLARED_SELECTOR = YES;
				GCC_WARN_UNINITIALIZED_AUTOS = YES_AGGRESSIVE;
				GCC_WARN_UNUSED_FUNCTION = YES;
				GCC_WARN_UNUSED_VARIABLE = YES;
				IPHONEOS_DEPLOYMENT_TARGET = 9.1;
				MTL_ENABLE_DEBUG_INFO = YES;
				ONLY_ACTIVE_ARCH = YES;
				SDKROOT = iphoneos;
				TARGETED_DEVICE_FAMILY = "1,2";
			};
			name = Debug;
		};
		40C4FA751C773BD3003CDB34 /* Release */ = {
			isa = XCBuildConfiguration;
			buildSettings = {
				ALWAYS_SEARCH_USER_PATHS = NO;
				CLANG_CXX_LANGUAGE_STANDARD = "gnu++0x";
				CLANG_CXX_LIBRARY = "libc++";
				CLANG_ENABLE_MODULES = YES;
				CLANG_ENABLE_OBJC_ARC = YES;
				CLANG_WARN_BOOL_CONVERSION = YES;
				CLANG_WARN_CONSTANT_CONVERSION = YES;
				CLANG_WARN_DIRECT_OBJC_ISA_USAGE = YES_ERROR;
				CLANG_WARN_EMPTY_BODY = YES;
				CLANG_WARN_ENUM_CONVERSION = YES;
				CLANG_WARN_INT_CONVERSION = YES;
				CLANG_WARN_OBJC_ROOT_CLASS = YES_ERROR;
				CLANG_WARN_UNREACHABLE_CODE = YES;
				CLANG_WARN__DUPLICATE_METHOD_MATCH = YES;
				"CODE_SIGN_IDENTITY[sdk=iphoneos*]" = "iPhone Developer";
				COPY_PHASE_STRIP = NO;
				DEBUG_INFORMATION_FORMAT = "dwarf-with-dsym";
				ENABLE_NS_ASSERTIONS = NO;
				ENABLE_STRICT_OBJC_MSGSEND = YES;
				GCC_C_LANGUAGE_STANDARD = gnu99;
				GCC_NO_COMMON_BLOCKS = YES;
				GCC_WARN_64_TO_32_BIT_CONVERSION = YES;
				GCC_WARN_ABOUT_RETURN_TYPE = YES_ERROR;
				GCC_WARN_UNDECLARED_SELECTOR = YES;
				GCC_WARN_UNINITIALIZED_AUTOS = YES_AGGRESSIVE;
				GCC_WARN_UNUSED_FUNCTION = YES;
				GCC_WARN_UNUSED_VARIABLE = YES;
				IPHONEOS_DEPLOYMENT_TARGET = 9.1;
				MTL_ENABLE_DEBUG_INFO = NO;
				SDKROOT = iphoneos;
				TARGETED_DEVICE_FAMILY = "1,2";
				VALIDATE_PRODUCT = YES;
			};
			name = Release;
		};
		40C4FA771C773BD3003CDB34 /* Debug */ = {
			isa = XCBuildConfiguration;
			buildSettings = {
				ASSETCATALOG_COMPILER_APPICON_NAME = AppIcon;
				INFOPLIST_FILE = ImgurMobile/Info.plist;
				LD_RUNPATH_SEARCH_PATHS = "$(inherited) @executable_path/Frameworks";
				PRODUCT_BUNDLE_IDENTIFIER = Melany.ImgurMobile;
				PRODUCT_NAME = "$(TARGET_NAME)";
			};
			name = Debug;
		};
		40C4FA781C773BD3003CDB34 /* Release */ = {
			isa = XCBuildConfiguration;
			buildSettings = {
				ASSETCATALOG_COMPILER_APPICON_NAME = AppIcon;
				INFOPLIST_FILE = ImgurMobile/Info.plist;
				LD_RUNPATH_SEARCH_PATHS = "$(inherited) @executable_path/Frameworks";
				PRODUCT_BUNDLE_IDENTIFIER = Melany.ImgurMobile;
				PRODUCT_NAME = "$(TARGET_NAME)";
			};
			name = Release;
		};
/* End XCBuildConfiguration section */

/* Begin XCConfigurationList section */
		40C4FA5A1C773BD3003CDB34 /* Build configuration list for PBXProject "ImgurMobile" */ = {
			isa = XCConfigurationList;
			buildConfigurations = (
				40C4FA741C773BD3003CDB34 /* Debug */,
				40C4FA751C773BD3003CDB34 /* Release */,
			);
			defaultConfigurationIsVisible = 0;
			defaultConfigurationName = Release;
		};
		40C4FA761C773BD3003CDB34 /* Build configuration list for PBXNativeTarget "ImgurMobile" */ = {
			isa = XCConfigurationList;
			buildConfigurations = (
				40C4FA771C773BD3003CDB34 /* Debug */,
				40C4FA781C773BD3003CDB34 /* Release */,
			);
			defaultConfigurationIsVisible = 0;
			defaultConfigurationName = Release;
		};
/* End XCConfigurationList section */
	};
	rootObject = 40C4FA571C773BD3003CDB34 /* Project object */;
}
