// !$*UTF8*$!
{
	archiveVersion = 1;
	classes = {
	};
	objectVersion = 46;
	objects = {

/* Begin PBXBuildFile section */
		400E64E01C8215F600B85330 /* ProcessingRequestsViewController.m in Sources */ = {isa = PBXBuildFile; fileRef = 400E64DF1C8215F600B85330 /* ProcessingRequestsViewController.m */; };
		404D9C441C7A141E0063B912 /* ImgurPosting.m in Sources */ = {isa = PBXBuildFile; fileRef = 404D9C431C7A141E0063B912 /* ImgurPosting.m */; };
		40C4FA641C773BD3003CDB34 /* main.m in Sources */ = {isa = PBXBuildFile; fileRef = 40C4FA631C773BD3003CDB34 /* main.m */; };
		40C4FA671C773BD3003CDB34 /* AppDelegate.m in Sources */ = {isa = PBXBuildFile; fileRef = 40C4FA661C773BD3003CDB34 /* AppDelegate.m */; };
		40C4FA6D1C773BD3003CDB34 /* Main.storyboard in Resources */ = {isa = PBXBuildFile; fileRef = 40C4FA6B1C773BD3003CDB34 /* Main.storyboard */; };
		40C4FA6F1C773BD3003CDB34 /* Assets.xcassets in Resources */ = {isa = PBXBuildFile; fileRef = 40C4FA6E1C773BD3003CDB34 /* Assets.xcassets */; };
		40C4FA721C773BD3003CDB34 /* LaunchScreen.storyboard in Resources */ = {isa = PBXBuildFile; fileRef = 40C4FA701C773BD3003CDB34 /* LaunchScreen.storyboard */; };
		40C4FA861C78B8F3003CDB34 /* ImgurLoginViewController.m in Sources */ = {isa = PBXBuildFile; fileRef = 40C4FA851C78B8F3003CDB34 /* ImgurLoginViewController.m */; };
		40C4FA891C78BA00003CDB34 /* ImgurAccessToken.m in Sources */ = {isa = PBXBuildFile; fileRef = 40C4FA881C78BA00003CDB34 /* ImgurAccessToken.m */; };
		40C4FA8F1C78CB80003CDB34 /* ImgurUser.m in Sources */ = {isa = PBXBuildFile; fileRef = 40C4FA8E1C78CB80003CDB34 /* ImgurUser.m */; };
		6A6A6B0A1C7E166000DE946E /* UIImage+Resize.m in Sources */ = {isa = PBXBuildFile; fileRef = 6A6A6B091C7E166000DE946E /* UIImage+Resize.m */; };
		6A6A6B0D1C7E257E00DE946E /* ImageFilterProcessor.m in Sources */ = {isa = PBXBuildFile; fileRef = 6A6A6B0C1C7E257E00DE946E /* ImageFilterProcessor.m */; };
		6A8EE1991C833F17002DF4B6 /* UIButton+highlighter.m in Sources */ = {isa = PBXBuildFile; fileRef = 6A8EE1981C833F17002DF4B6 /* UIButton+highlighter.m */; };
		6A8EE19C1C834AD7002DF4B6 /* UIImageView+imageRectGetter.m in Sources */ = {isa = PBXBuildFile; fileRef = 6A8EE19B1C834AD6002DF4B6 /* UIImageView+imageRectGetter.m */; };
		6AA3C7DE1C78A513001091F0 /* CoreImage.framework in Frameworks */ = {isa = PBXBuildFile; fileRef = 6AA3C7DD1C78A513001091F0 /* CoreImage.framework */; };
		6AC562CB1C776C2B006C03C0 /* imgurServerManager.m in Sources */ = {isa = PBXBuildFile; fileRef = 6AC562CA1C776C2B006C03C0 /* imgurServerManager.m */; };
		6AC562F31C776C5B006C03C0 /* AFHTTPRequestOperation.m in Sources */ = {isa = PBXBuildFile; fileRef = 6AC562CF1C776C5B006C03C0 /* AFHTTPRequestOperation.m */; };
		6AC562F41C776C5B006C03C0 /* AFHTTPRequestOperationManager.m in Sources */ = {isa = PBXBuildFile; fileRef = 6AC562D11C776C5B006C03C0 /* AFHTTPRequestOperationManager.m */; };
		6AC562F51C776C5B006C03C0 /* AFHTTPSessionManager.m in Sources */ = {isa = PBXBuildFile; fileRef = 6AC562D31C776C5B006C03C0 /* AFHTTPSessionManager.m */; };
		6AC562F61C776C5B006C03C0 /* AFNetworkReachabilityManager.m in Sources */ = {isa = PBXBuildFile; fileRef = 6AC562D61C776C5B006C03C0 /* AFNetworkReachabilityManager.m */; };
		6AC562F71C776C5B006C03C0 /* AFSecurityPolicy.m in Sources */ = {isa = PBXBuildFile; fileRef = 6AC562D81C776C5B006C03C0 /* AFSecurityPolicy.m */; };
		6AC562F81C776C5B006C03C0 /* AFURLConnectionOperation.m in Sources */ = {isa = PBXBuildFile; fileRef = 6AC562DA1C776C5B006C03C0 /* AFURLConnectionOperation.m */; };
		6AC562F91C776C5B006C03C0 /* AFURLRequestSerialization.m in Sources */ = {isa = PBXBuildFile; fileRef = 6AC562DC1C776C5B006C03C0 /* AFURLRequestSerialization.m */; };
		6AC562FA1C776C5B006C03C0 /* AFURLResponseSerialization.m in Sources */ = {isa = PBXBuildFile; fileRef = 6AC562DE1C776C5B006C03C0 /* AFURLResponseSerialization.m */; };
		6AC562FB1C776C5B006C03C0 /* AFURLSessionManager.m in Sources */ = {isa = PBXBuildFile; fileRef = 6AC562E01C776C5B006C03C0 /* AFURLSessionManager.m */; };
		6AC562FC1C776C5B006C03C0 /* AFNetworkActivityIndicatorManager.m in Sources */ = {isa = PBXBuildFile; fileRef = 6AC562E31C776C5B006C03C0 /* AFNetworkActivityIndicatorManager.m */; };
		6AC562FD1C776C5B006C03C0 /* UIActivityIndicatorView+AFNetworking.m in Sources */ = {isa = PBXBuildFile; fileRef = 6AC562E51C776C5B006C03C0 /* UIActivityIndicatorView+AFNetworking.m */; };
		6AC562FE1C776C5B006C03C0 /* UIAlertView+AFNetworking.m in Sources */ = {isa = PBXBuildFile; fileRef = 6AC562E71C776C5B006C03C0 /* UIAlertView+AFNetworking.m */; };
		6AC562FF1C776C5B006C03C0 /* UIButton+AFNetworking.m in Sources */ = {isa = PBXBuildFile; fileRef = 6AC562E91C776C5B006C03C0 /* UIButton+AFNetworking.m */; };
		6AC563001C776C5B006C03C0 /* UIImageView+AFNetworking.m in Sources */ = {isa = PBXBuildFile; fileRef = 6AC562EB1C776C5B006C03C0 /* UIImageView+AFNetworking.m */; };
		6AC563011C776C5B006C03C0 /* UIProgressView+AFNetworking.m in Sources */ = {isa = PBXBuildFile; fileRef = 6AC562EE1C776C5B006C03C0 /* UIProgressView+AFNetworking.m */; };
		6AC563021C776C5B006C03C0 /* UIRefreshControl+AFNetworking.m in Sources */ = {isa = PBXBuildFile; fileRef = 6AC562F01C776C5B006C03C0 /* UIRefreshControl+AFNetworking.m */; };
		6AC563031C776C5B006C03C0 /* UIWebView+AFNetworking.m in Sources */ = {isa = PBXBuildFile; fileRef = 6AC562F21C776C5B006C03C0 /* UIWebView+AFNetworking.m */; };
		6AC563061C77893A006C03C0 /* imgurJSONParser.m in Sources */ = {isa = PBXBuildFile; fileRef = 6AC563051C77893A006C03C0 /* imgurJSONParser.m */; };
		6AC5630C1C778A64006C03C0 /* imgurAlbum.m in Sources */ = {isa = PBXBuildFile; fileRef = 6AC5630B1C778A64006C03C0 /* imgurAlbum.m */; };
		6AC5630F1C778AF9006C03C0 /* imgurPost.m in Sources */ = {isa = PBXBuildFile; fileRef = 6AC5630E1C778AF9006C03C0 /* imgurPost.m */; };
		6ACB13E01C7C6CDD004237DD /* SettingsMenuViewController.m in Sources */ = {isa = PBXBuildFile; fileRef = 6ACB13DF1C7C6CDD004237DD /* SettingsMenuViewController.m */; };
		6ACB13E31C7C6CF9004237DD /* FiltersMenuViewController.m in Sources */ = {isa = PBXBuildFile; fileRef = 6ACB13E21C7C6CF9004237DD /* FiltersMenuViewController.m */; };
		6ACB13E61C7C6D0A004237DD /* FontsMenuViewController.m in Sources */ = {isa = PBXBuildFile; fileRef = 6ACB13E51C7C6D0A004237DD /* FontsMenuViewController.m */; };
		6ACB13EA1C7CE38F004237DD /* UIView+SuperClassChecker.m in Sources */ = {isa = PBXBuildFile; fileRef = 6ACB13E91C7CE38F004237DD /* UIView+SuperClassChecker.m */; };
		6AE7F17A1C80CC4F005C4F80 /* UIActivityIndicatorView+manager.m in Sources */ = {isa = PBXBuildFile; fileRef = 6AE7F1791C80CC4F005C4F80 /* UIActivityIndicatorView+manager.m */; };
		6AEFD2D11C7BAB2700ADF2FC /* ImgurLoader.m in Sources */ = {isa = PBXBuildFile; fileRef = 6AEFD2D01C7BAB2700ADF2FC /* ImgurLoader.m */; };
		6AEFD2D41C7BABAA00ADF2FC /* URLGen.m in Sources */ = {isa = PBXBuildFile; fileRef = 6AEFD2D31C7BABAA00ADF2FC /* URLGen.m */; };
		97305C051C80764200663B6C /* UIImage+animatedGIF.m in Sources */ = {isa = PBXBuildFile; fileRef = 97305C041C80764200663B6C /* UIImage+animatedGIF.m */; };
		973F0AE71C7DDF3200C67BCD /* ImgurPost+Description.m in Sources */ = {isa = PBXBuildFile; fileRef = 973F0AE61C7DDF3200C67BCD /* ImgurPost+Description.m */; };
		975D23051C7F3D9000D3A4B7 /* PageInfoViewController.m in Sources */ = {isa = PBXBuildFile; fileRef = 975D23041C7F3D9000D3A4B7 /* PageInfoViewController.m */; };
		976842251C7C8D6700F613B5 /* imgurCell.m in Sources */ = {isa = PBXBuildFile; fileRef = 976842241C7C8D6700F613B5 /* imgurCell.m */; };
		97AEA2331C7B1B520010CD99 /* Node.m in Sources */ = {isa = PBXBuildFile; fileRef = 97AEA2321C7B1B520010CD99 /* Node.m */; };
		97AEA2361C7B20DA0010CD99 /* NotChalengingQueue.m in Sources */ = {isa = PBXBuildFile; fileRef = 97AEA2351C7B20DA0010CD99 /* NotChalengingQueue.m */; };
		EF09022C1C77500000D9CF5E /* socialControllerIcon.png in Resources */ = {isa = PBXBuildFile; fileRef = EF09022B1C77500000D9CF5E /* socialControllerIcon.png */; };
		EF11841F1C8335F8000FB6A1 /* RESTAPI.m in Sources */ = {isa = PBXBuildFile; fileRef = EF11841E1C8335F8000FB6A1 /* RESTAPI.m */; };
		EF1F25101C7C583C0061DD53 /* Like Filled-48.png in Resources */ = {isa = PBXBuildFile; fileRef = EF1F250F1C7C583C0061DD53 /* Like Filled-48.png */; };
		EFA6C7241C77474E00EA73D5 /* MainViewController.m in Sources */ = {isa = PBXBuildFile; fileRef = EFA6C7231C77474E00EA73D5 /* MainViewController.m */; };
		EFA6C7291C7747A400EA73D5 /* SocialViewController.m in Sources */ = {isa = PBXBuildFile; fileRef = EFA6C7281C7747A400EA73D5 /* SocialViewController.m */; };
		EFA6C72C1C77485700EA73D5 /* LibraryViewController.m in Sources */ = {isa = PBXBuildFile; fileRef = EFA6C72B1C77485700EA73D5 /* LibraryViewController.m */; };
		EFA6C72F1C77486C00EA73D5 /* EditViewController.m in Sources */ = {isa = PBXBuildFile; fileRef = EFA6C72E1C77486C00EA73D5 /* EditViewController.m */; };
		EFEE04071C7B43E60054EEF2 /* Thumb Up-48.png in Resources */ = {isa = PBXBuildFile; fileRef = EFEE04061C7B43E60054EEF2 /* Thumb Up-48.png */; };
		EFEE040C1C7B43EF0054EEF2 /* Save Filled-50.png in Resources */ = {isa = PBXBuildFile; fileRef = EFEE04081C7B43EF0054EEF2 /* Save Filled-50.png */; };
		EFEE040D1C7B43EF0054EEF2 /* Settings Filled-50.png in Resources */ = {isa = PBXBuildFile; fileRef = EFEE04091C7B43EF0054EEF2 /* Settings Filled-50.png */; };
		EFEE040E1C7B43EF0054EEF2 /* Share-48.png in Resources */ = {isa = PBXBuildFile; fileRef = EFEE040A1C7B43EF0054EEF2 /* Share-48.png */; };
		EFEE040F1C7B43EF0054EEF2 /* Speech Bubble-48.png in Resources */ = {isa = PBXBuildFile; fileRef = EFEE040B1C7B43EF0054EEF2 /* Speech Bubble-48.png */; };
		EFEE04151C7B43F90054EEF2 /* Thumbs Down-48.png in Resources */ = {isa = PBXBuildFile; fileRef = EFEE04121C7B43F90054EEF2 /* Thumbs Down-48.png */; };
/* End PBXBuildFile section */

/* Begin PBXFileReference section */
		400E64DE1C8215F600B85330 /* ProcessingRequestsViewController.h */ = {isa = PBXFileReference; fileEncoding = 4; lastKnownFileType = sourcecode.c.h; name = ProcessingRequestsViewController.h; path = ../ProcessingRequestsViewController.h; sourceTree = "<group>"; };
		400E64DF1C8215F600B85330 /* ProcessingRequestsViewController.m */ = {isa = PBXFileReference; fileEncoding = 4; lastKnownFileType = sourcecode.c.objc; name = ProcessingRequestsViewController.m; path = ../ProcessingRequestsViewController.m; sourceTree = "<group>"; };
		404D9C421C7A141E0063B912 /* ImgurPosting.h */ = {isa = PBXFileReference; fileEncoding = 4; lastKnownFileType = sourcecode.c.h; path = ImgurPosting.h; sourceTree = "<group>"; };
		404D9C431C7A141E0063B912 /* ImgurPosting.m */ = {isa = PBXFileReference; fileEncoding = 4; lastKnownFileType = sourcecode.c.objc; path = ImgurPosting.m; sourceTree = "<group>"; };
		40C4FA5F1C773BD3003CDB34 /* ImgurMobile.app */ = {isa = PBXFileReference; explicitFileType = wrapper.application; includeInIndex = 0; path = ImgurMobile.app; sourceTree = BUILT_PRODUCTS_DIR; };
		40C4FA631C773BD3003CDB34 /* main.m */ = {isa = PBXFileReference; lastKnownFileType = sourcecode.c.objc; path = main.m; sourceTree = "<group>"; };
		40C4FA651C773BD3003CDB34 /* AppDelegate.h */ = {isa = PBXFileReference; lastKnownFileType = sourcecode.c.h; path = AppDelegate.h; sourceTree = "<group>"; };
		40C4FA661C773BD3003CDB34 /* AppDelegate.m */ = {isa = PBXFileReference; lastKnownFileType = sourcecode.c.objc; path = AppDelegate.m; sourceTree = "<group>"; };
		40C4FA6C1C773BD3003CDB34 /* Base */ = {isa = PBXFileReference; lastKnownFileType = file.storyboard; name = Base; path = Base.lproj/Main.storyboard; sourceTree = "<group>"; };
		40C4FA6E1C773BD3003CDB34 /* Assets.xcassets */ = {isa = PBXFileReference; lastKnownFileType = folder.assetcatalog; path = Assets.xcassets; sourceTree = "<group>"; };
		40C4FA711C773BD3003CDB34 /* Base */ = {isa = PBXFileReference; lastKnownFileType = file.storyboard; name = Base; path = Base.lproj/LaunchScreen.storyboard; sourceTree = "<group>"; };
		40C4FA731C773BD3003CDB34 /* Info.plist */ = {isa = PBXFileReference; lastKnownFileType = text.plist.xml; path = Info.plist; sourceTree = "<group>"; };
		40C4FA841C78B8F3003CDB34 /* ImgurLoginViewController.h */ = {isa = PBXFileReference; fileEncoding = 4; lastKnownFileType = sourcecode.c.h; path = ImgurLoginViewController.h; sourceTree = "<group>"; };
		40C4FA851C78B8F3003CDB34 /* ImgurLoginViewController.m */ = {isa = PBXFileReference; fileEncoding = 4; lastKnownFileType = sourcecode.c.objc; path = ImgurLoginViewController.m; sourceTree = "<group>"; };
		40C4FA871C78BA00003CDB34 /* ImgurAccessToken.h */ = {isa = PBXFileReference; fileEncoding = 4; lastKnownFileType = sourcecode.c.h; path = ImgurAccessToken.h; sourceTree = "<group>"; };
		40C4FA881C78BA00003CDB34 /* ImgurAccessToken.m */ = {isa = PBXFileReference; fileEncoding = 4; lastKnownFileType = sourcecode.c.objc; path = ImgurAccessToken.m; sourceTree = "<group>"; };
		40C4FA8D1C78CB80003CDB34 /* imgurUser.h */ = {isa = PBXFileReference; fileEncoding = 4; lastKnownFileType = sourcecode.c.h; path = imgurUser.h; sourceTree = "<group>"; };
		40C4FA8E1C78CB80003CDB34 /* ImgurUser.m */ = {isa = PBXFileReference; fileEncoding = 4; lastKnownFileType = sourcecode.c.objc; path = ImgurUser.m; sourceTree = "<group>"; };
		6A6A6B081C7E166000DE946E /* UIImage+Resize.h */ = {isa = PBXFileReference; fileEncoding = 4; lastKnownFileType = sourcecode.c.h; path = "UIImage+Resize.h"; sourceTree = "<group>"; };
		6A6A6B091C7E166000DE946E /* UIImage+Resize.m */ = {isa = PBXFileReference; fileEncoding = 4; lastKnownFileType = sourcecode.c.objc; path = "UIImage+Resize.m"; sourceTree = "<group>"; };
		6A6A6B0B1C7E257E00DE946E /* ImageFilterProcessor.h */ = {isa = PBXFileReference; fileEncoding = 4; lastKnownFileType = sourcecode.c.h; path = ImageFilterProcessor.h; sourceTree = "<group>"; };
		6A6A6B0C1C7E257E00DE946E /* ImageFilterProcessor.m */ = {isa = PBXFileReference; fileEncoding = 4; lastKnownFileType = sourcecode.c.objc; path = ImageFilterProcessor.m; sourceTree = "<group>"; };
		6A8EE1971C833F17002DF4B6 /* UIButton+highlighter.h */ = {isa = PBXFileReference; fileEncoding = 4; lastKnownFileType = sourcecode.c.h; path = "UIButton+highlighter.h"; sourceTree = "<group>"; };
		6A8EE1981C833F17002DF4B6 /* UIButton+highlighter.m */ = {isa = PBXFileReference; fileEncoding = 4; lastKnownFileType = sourcecode.c.objc; path = "UIButton+highlighter.m"; sourceTree = "<group>"; };
		6A8EE19A1C834AD6002DF4B6 /* UIImageView+imageRectGetter.h */ = {isa = PBXFileReference; fileEncoding = 4; lastKnownFileType = sourcecode.c.h; path = "UIImageView+imageRectGetter.h"; sourceTree = "<group>"; };
		6A8EE19B1C834AD6002DF4B6 /* UIImageView+imageRectGetter.m */ = {isa = PBXFileReference; fileEncoding = 4; lastKnownFileType = sourcecode.c.objc; path = "UIImageView+imageRectGetter.m"; sourceTree = "<group>"; };
		6AA3C7DD1C78A513001091F0 /* CoreImage.framework */ = {isa = PBXFileReference; lastKnownFileType = wrapper.framework; name = CoreImage.framework; path = System/Library/Frameworks/CoreImage.framework; sourceTree = SDKROOT; };
		6AC562C91C776C2B006C03C0 /* imgurServerManager.h */ = {isa = PBXFileReference; fileEncoding = 4; lastKnownFileType = sourcecode.c.h; path = imgurServerManager.h; sourceTree = "<group>"; };
		6AC562CA1C776C2B006C03C0 /* imgurServerManager.m */ = {isa = PBXFileReference; fileEncoding = 4; lastKnownFileType = sourcecode.c.objc; path = imgurServerManager.m; sourceTree = "<group>"; };
		6AC562CE1C776C5B006C03C0 /* AFHTTPRequestOperation.h */ = {isa = PBXFileReference; fileEncoding = 4; lastKnownFileType = sourcecode.c.h; path = AFHTTPRequestOperation.h; sourceTree = "<group>"; };
		6AC562CF1C776C5B006C03C0 /* AFHTTPRequestOperation.m */ = {isa = PBXFileReference; fileEncoding = 4; lastKnownFileType = sourcecode.c.objc; path = AFHTTPRequestOperation.m; sourceTree = "<group>"; };
		6AC562D01C776C5B006C03C0 /* AFHTTPRequestOperationManager.h */ = {isa = PBXFileReference; fileEncoding = 4; lastKnownFileType = sourcecode.c.h; path = AFHTTPRequestOperationManager.h; sourceTree = "<group>"; };
		6AC562D11C776C5B006C03C0 /* AFHTTPRequestOperationManager.m */ = {isa = PBXFileReference; fileEncoding = 4; lastKnownFileType = sourcecode.c.objc; path = AFHTTPRequestOperationManager.m; sourceTree = "<group>"; };
		6AC562D21C776C5B006C03C0 /* AFHTTPSessionManager.h */ = {isa = PBXFileReference; fileEncoding = 4; lastKnownFileType = sourcecode.c.h; path = AFHTTPSessionManager.h; sourceTree = "<group>"; };
		6AC562D31C776C5B006C03C0 /* AFHTTPSessionManager.m */ = {isa = PBXFileReference; fileEncoding = 4; lastKnownFileType = sourcecode.c.objc; path = AFHTTPSessionManager.m; sourceTree = "<group>"; };
		6AC562D41C776C5B006C03C0 /* AFNetworking.h */ = {isa = PBXFileReference; fileEncoding = 4; lastKnownFileType = sourcecode.c.h; path = AFNetworking.h; sourceTree = "<group>"; };
		6AC562D51C776C5B006C03C0 /* AFNetworkReachabilityManager.h */ = {isa = PBXFileReference; fileEncoding = 4; lastKnownFileType = sourcecode.c.h; path = AFNetworkReachabilityManager.h; sourceTree = "<group>"; };
		6AC562D61C776C5B006C03C0 /* AFNetworkReachabilityManager.m */ = {isa = PBXFileReference; fileEncoding = 4; lastKnownFileType = sourcecode.c.objc; path = AFNetworkReachabilityManager.m; sourceTree = "<group>"; };
		6AC562D71C776C5B006C03C0 /* AFSecurityPolicy.h */ = {isa = PBXFileReference; fileEncoding = 4; lastKnownFileType = sourcecode.c.h; path = AFSecurityPolicy.h; sourceTree = "<group>"; };
		6AC562D81C776C5B006C03C0 /* AFSecurityPolicy.m */ = {isa = PBXFileReference; fileEncoding = 4; lastKnownFileType = sourcecode.c.objc; path = AFSecurityPolicy.m; sourceTree = "<group>"; };
		6AC562D91C776C5B006C03C0 /* AFURLConnectionOperation.h */ = {isa = PBXFileReference; fileEncoding = 4; lastKnownFileType = sourcecode.c.h; path = AFURLConnectionOperation.h; sourceTree = "<group>"; };
		6AC562DA1C776C5B006C03C0 /* AFURLConnectionOperation.m */ = {isa = PBXFileReference; fileEncoding = 4; lastKnownFileType = sourcecode.c.objc; path = AFURLConnectionOperation.m; sourceTree = "<group>"; };
		6AC562DB1C776C5B006C03C0 /* AFURLRequestSerialization.h */ = {isa = PBXFileReference; fileEncoding = 4; lastKnownFileType = sourcecode.c.h; path = AFURLRequestSerialization.h; sourceTree = "<group>"; };
		6AC562DC1C776C5B006C03C0 /* AFURLRequestSerialization.m */ = {isa = PBXFileReference; fileEncoding = 4; lastKnownFileType = sourcecode.c.objc; path = AFURLRequestSerialization.m; sourceTree = "<group>"; };
		6AC562DD1C776C5B006C03C0 /* AFURLResponseSerialization.h */ = {isa = PBXFileReference; fileEncoding = 4; lastKnownFileType = sourcecode.c.h; path = AFURLResponseSerialization.h; sourceTree = "<group>"; };
		6AC562DE1C776C5B006C03C0 /* AFURLResponseSerialization.m */ = {isa = PBXFileReference; fileEncoding = 4; lastKnownFileType = sourcecode.c.objc; path = AFURLResponseSerialization.m; sourceTree = "<group>"; };
		6AC562DF1C776C5B006C03C0 /* AFURLSessionManager.h */ = {isa = PBXFileReference; fileEncoding = 4; lastKnownFileType = sourcecode.c.h; path = AFURLSessionManager.h; sourceTree = "<group>"; };
		6AC562E01C776C5B006C03C0 /* AFURLSessionManager.m */ = {isa = PBXFileReference; fileEncoding = 4; lastKnownFileType = sourcecode.c.objc; path = AFURLSessionManager.m; sourceTree = "<group>"; };
		6AC562E21C776C5B006C03C0 /* AFNetworkActivityIndicatorManager.h */ = {isa = PBXFileReference; fileEncoding = 4; lastKnownFileType = sourcecode.c.h; path = AFNetworkActivityIndicatorManager.h; sourceTree = "<group>"; };
		6AC562E31C776C5B006C03C0 /* AFNetworkActivityIndicatorManager.m */ = {isa = PBXFileReference; fileEncoding = 4; lastKnownFileType = sourcecode.c.objc; path = AFNetworkActivityIndicatorManager.m; sourceTree = "<group>"; };
		6AC562E41C776C5B006C03C0 /* UIActivityIndicatorView+AFNetworking.h */ = {isa = PBXFileReference; fileEncoding = 4; lastKnownFileType = sourcecode.c.h; path = "UIActivityIndicatorView+AFNetworking.h"; sourceTree = "<group>"; };
		6AC562E51C776C5B006C03C0 /* UIActivityIndicatorView+AFNetworking.m */ = {isa = PBXFileReference; fileEncoding = 4; lastKnownFileType = sourcecode.c.objc; path = "UIActivityIndicatorView+AFNetworking.m"; sourceTree = "<group>"; };
		6AC562E61C776C5B006C03C0 /* UIAlertView+AFNetworking.h */ = {isa = PBXFileReference; fileEncoding = 4; lastKnownFileType = sourcecode.c.h; path = "UIAlertView+AFNetworking.h"; sourceTree = "<group>"; };
		6AC562E71C776C5B006C03C0 /* UIAlertView+AFNetworking.m */ = {isa = PBXFileReference; fileEncoding = 4; lastKnownFileType = sourcecode.c.objc; path = "UIAlertView+AFNetworking.m"; sourceTree = "<group>"; };
		6AC562E81C776C5B006C03C0 /* UIButton+AFNetworking.h */ = {isa = PBXFileReference; fileEncoding = 4; lastKnownFileType = sourcecode.c.h; path = "UIButton+AFNetworking.h"; sourceTree = "<group>"; };
		6AC562E91C776C5B006C03C0 /* UIButton+AFNetworking.m */ = {isa = PBXFileReference; fileEncoding = 4; lastKnownFileType = sourcecode.c.objc; path = "UIButton+AFNetworking.m"; sourceTree = "<group>"; };
		6AC562EA1C776C5B006C03C0 /* UIImageView+AFNetworking.h */ = {isa = PBXFileReference; fileEncoding = 4; lastKnownFileType = sourcecode.c.h; path = "UIImageView+AFNetworking.h"; sourceTree = "<group>"; };
		6AC562EB1C776C5B006C03C0 /* UIImageView+AFNetworking.m */ = {isa = PBXFileReference; fileEncoding = 4; lastKnownFileType = sourcecode.c.objc; path = "UIImageView+AFNetworking.m"; sourceTree = "<group>"; };
		6AC562EC1C776C5B006C03C0 /* UIKit+AFNetworking.h */ = {isa = PBXFileReference; fileEncoding = 4; lastKnownFileType = sourcecode.c.h; path = "UIKit+AFNetworking.h"; sourceTree = "<group>"; };
		6AC562ED1C776C5B006C03C0 /* UIProgressView+AFNetworking.h */ = {isa = PBXFileReference; fileEncoding = 4; lastKnownFileType = sourcecode.c.h; path = "UIProgressView+AFNetworking.h"; sourceTree = "<group>"; };
		6AC562EE1C776C5B006C03C0 /* UIProgressView+AFNetworking.m */ = {isa = PBXFileReference; fileEncoding = 4; lastKnownFileType = sourcecode.c.objc; path = "UIProgressView+AFNetworking.m"; sourceTree = "<group>"; };
		6AC562EF1C776C5B006C03C0 /* UIRefreshControl+AFNetworking.h */ = {isa = PBXFileReference; fileEncoding = 4; lastKnownFileType = sourcecode.c.h; path = "UIRefreshControl+AFNetworking.h"; sourceTree = "<group>"; };
		6AC562F01C776C5B006C03C0 /* UIRefreshControl+AFNetworking.m */ = {isa = PBXFileReference; fileEncoding = 4; lastKnownFileType = sourcecode.c.objc; path = "UIRefreshControl+AFNetworking.m"; sourceTree = "<group>"; };
		6AC562F11C776C5B006C03C0 /* UIWebView+AFNetworking.h */ = {isa = PBXFileReference; fileEncoding = 4; lastKnownFileType = sourcecode.c.h; path = "UIWebView+AFNetworking.h"; sourceTree = "<group>"; };
		6AC562F21C776C5B006C03C0 /* UIWebView+AFNetworking.m */ = {isa = PBXFileReference; fileEncoding = 4; lastKnownFileType = sourcecode.c.objc; path = "UIWebView+AFNetworking.m"; sourceTree = "<group>"; };
		6AC563041C77893A006C03C0 /* imgurJSONParser.h */ = {isa = PBXFileReference; fileEncoding = 4; lastKnownFileType = sourcecode.c.h; path = imgurJSONParser.h; sourceTree = "<group>"; };
		6AC563051C77893A006C03C0 /* imgurJSONParser.m */ = {isa = PBXFileReference; fileEncoding = 4; lastKnownFileType = sourcecode.c.objc; path = imgurJSONParser.m; sourceTree = "<group>"; };
		6AC5630A1C778A64006C03C0 /* imgurAlbum.h */ = {isa = PBXFileReference; fileEncoding = 4; lastKnownFileType = sourcecode.c.h; path = imgurAlbum.h; sourceTree = "<group>"; };
		6AC5630B1C778A64006C03C0 /* imgurAlbum.m */ = {isa = PBXFileReference; fileEncoding = 4; lastKnownFileType = sourcecode.c.objc; path = imgurAlbum.m; sourceTree = "<group>"; };
		6AC5630D1C778AF9006C03C0 /* imgurPost.h */ = {isa = PBXFileReference; fileEncoding = 4; lastKnownFileType = sourcecode.c.h; path = imgurPost.h; sourceTree = "<group>"; };
		6AC5630E1C778AF9006C03C0 /* imgurPost.m */ = {isa = PBXFileReference; fileEncoding = 4; lastKnownFileType = sourcecode.c.objc; path = imgurPost.m; sourceTree = "<group>"; };
		6ACB13DE1C7C6CDD004237DD /* SettingsMenuViewController.h */ = {isa = PBXFileReference; fileEncoding = 4; lastKnownFileType = sourcecode.c.h; path = SettingsMenuViewController.h; sourceTree = "<group>"; };
		6ACB13DF1C7C6CDD004237DD /* SettingsMenuViewController.m */ = {isa = PBXFileReference; fileEncoding = 4; lastKnownFileType = sourcecode.c.objc; path = SettingsMenuViewController.m; sourceTree = "<group>"; };
		6ACB13E11C7C6CF9004237DD /* FiltersMenuViewController.h */ = {isa = PBXFileReference; fileEncoding = 4; lastKnownFileType = sourcecode.c.h; path = FiltersMenuViewController.h; sourceTree = "<group>"; };
		6ACB13E21C7C6CF9004237DD /* FiltersMenuViewController.m */ = {isa = PBXFileReference; fileEncoding = 4; lastKnownFileType = sourcecode.c.objc; path = FiltersMenuViewController.m; sourceTree = "<group>"; };
		6ACB13E41C7C6D0A004237DD /* FontsMenuViewController.h */ = {isa = PBXFileReference; fileEncoding = 4; lastKnownFileType = sourcecode.c.h; path = FontsMenuViewController.h; sourceTree = "<group>"; };
		6ACB13E51C7C6D0A004237DD /* FontsMenuViewController.m */ = {isa = PBXFileReference; fileEncoding = 4; lastKnownFileType = sourcecode.c.objc; path = FontsMenuViewController.m; sourceTree = "<group>"; };
		6ACB13E71C7C9806004237DD /* EditProtocolHeader.h */ = {isa = PBXFileReference; lastKnownFileType = sourcecode.c.h; path = EditProtocolHeader.h; sourceTree = "<group>"; };
		6ACB13E81C7CE38F004237DD /* UIView+SuperClassChecker.h */ = {isa = PBXFileReference; fileEncoding = 4; lastKnownFileType = sourcecode.c.h; path = "UIView+SuperClassChecker.h"; sourceTree = "<group>"; };
		6ACB13E91C7CE38F004237DD /* UIView+SuperClassChecker.m */ = {isa = PBXFileReference; fileEncoding = 4; lastKnownFileType = sourcecode.c.objc; path = "UIView+SuperClassChecker.m"; sourceTree = "<group>"; };
		6AE7F1781C80CC4F005C4F80 /* UIActivityIndicatorView+manager.h */ = {isa = PBXFileReference; fileEncoding = 4; lastKnownFileType = sourcecode.c.h; path = "UIActivityIndicatorView+manager.h"; sourceTree = "<group>"; };
		6AE7F1791C80CC4F005C4F80 /* UIActivityIndicatorView+manager.m */ = {isa = PBXFileReference; fileEncoding = 4; lastKnownFileType = sourcecode.c.objc; path = "UIActivityIndicatorView+manager.m"; sourceTree = "<group>"; };
		6AEFD2CF1C7BAB2700ADF2FC /* ImgurLoader.h */ = {isa = PBXFileReference; fileEncoding = 4; lastKnownFileType = sourcecode.c.h; path = ImgurLoader.h; sourceTree = "<group>"; };
		6AEFD2D01C7BAB2700ADF2FC /* ImgurLoader.m */ = {isa = PBXFileReference; fileEncoding = 4; lastKnownFileType = sourcecode.c.objc; path = ImgurLoader.m; sourceTree = "<group>"; };
		6AEFD2D21C7BABAA00ADF2FC /* URLGen.h */ = {isa = PBXFileReference; fileEncoding = 4; lastKnownFileType = sourcecode.c.h; path = URLGen.h; sourceTree = "<group>"; };
		6AEFD2D31C7BABAA00ADF2FC /* URLGen.m */ = {isa = PBXFileReference; fileEncoding = 4; lastKnownFileType = sourcecode.c.objc; path = URLGen.m; sourceTree = "<group>"; };
		97305C031C80764200663B6C /* UIImage+animatedGIF.h */ = {isa = PBXFileReference; fileEncoding = 4; lastKnownFileType = sourcecode.c.h; path = "UIImage+animatedGIF.h"; sourceTree = "<group>"; };
		97305C041C80764200663B6C /* UIImage+animatedGIF.m */ = {isa = PBXFileReference; fileEncoding = 4; lastKnownFileType = sourcecode.c.objc; path = "UIImage+animatedGIF.m"; sourceTree = "<group>"; };
		973F0AE51C7DDEDB00C67BCD /* ImgurPost+Description.h */ = {isa = PBXFileReference; lastKnownFileType = sourcecode.c.h; path = "ImgurPost+Description.h"; sourceTree = "<group>"; };
		973F0AE61C7DDF3200C67BCD /* ImgurPost+Description.m */ = {isa = PBXFileReference; fileEncoding = 4; lastKnownFileType = sourcecode.c.objc; path = "ImgurPost+Description.m"; sourceTree = "<group>"; };
		975D23031C7F3D9000D3A4B7 /* PageInfoViewController.h */ = {isa = PBXFileReference; fileEncoding = 4; lastKnownFileType = sourcecode.c.h; path = PageInfoViewController.h; sourceTree = "<group>"; };
		975D23041C7F3D9000D3A4B7 /* PageInfoViewController.m */ = {isa = PBXFileReference; fileEncoding = 4; lastKnownFileType = sourcecode.c.objc; path = PageInfoViewController.m; sourceTree = "<group>"; };
		975D23061C7F495600D3A4B7 /* PageInfoDelegate.h */ = {isa = PBXFileReference; lastKnownFileType = sourcecode.c.h; path = PageInfoDelegate.h; sourceTree = "<group>"; };
		976842231C7C8D6700F613B5 /* imgurCell.h */ = {isa = PBXFileReference; fileEncoding = 4; lastKnownFileType = sourcecode.c.h; path = imgurCell.h; sourceTree = "<group>"; };
		976842241C7C8D6700F613B5 /* imgurCell.m */ = {isa = PBXFileReference; fileEncoding = 4; lastKnownFileType = sourcecode.c.objc; path = imgurCell.m; sourceTree = "<group>"; };
		97AEA2311C7B1B520010CD99 /* Node.h */ = {isa = PBXFileReference; fileEncoding = 4; lastKnownFileType = sourcecode.c.h; path = Node.h; sourceTree = "<group>"; };
		97AEA2321C7B1B520010CD99 /* Node.m */ = {isa = PBXFileReference; fileEncoding = 4; lastKnownFileType = sourcecode.c.objc; path = Node.m; sourceTree = "<group>"; };
		97AEA2341C7B20DA0010CD99 /* NotChalengingQueue.h */ = {isa = PBXFileReference; fileEncoding = 4; lastKnownFileType = sourcecode.c.h; path = NotChalengingQueue.h; sourceTree = "<group>"; };
		97AEA2351C7B20DA0010CD99 /* NotChalengingQueue.m */ = {isa = PBXFileReference; fileEncoding = 4; lastKnownFileType = sourcecode.c.objc; path = NotChalengingQueue.m; sourceTree = "<group>"; };
		EF09022B1C77500000D9CF5E /* socialControllerIcon.png */ = {isa = PBXFileReference; lastKnownFileType = image.png; path = socialControllerIcon.png; sourceTree = "<group>"; };
		EF11841D1C8335F8000FB6A1 /* RESTAPI.h */ = {isa = PBXFileReference; fileEncoding = 4; lastKnownFileType = sourcecode.c.h; path = RESTAPI.h; sourceTree = "<group>"; };
		EF11841E1C8335F8000FB6A1 /* RESTAPI.m */ = {isa = PBXFileReference; fileEncoding = 4; lastKnownFileType = sourcecode.c.objc; path = RESTAPI.m; sourceTree = "<group>"; };
		EF1F250F1C7C583C0061DD53 /* Like Filled-48.png */ = {isa = PBXFileReference; lastKnownFileType = image.png; path = "Like Filled-48.png"; sourceTree = "<group>"; };
		EFA6C7221C77474E00EA73D5 /* MainViewController.h */ = {isa = PBXFileReference; fileEncoding = 4; lastKnownFileType = sourcecode.c.h; path = MainViewController.h; sourceTree = "<group>"; };
		EFA6C7231C77474E00EA73D5 /* MainViewController.m */ = {isa = PBXFileReference; fileEncoding = 4; lastKnownFileType = sourcecode.c.objc; path = MainViewController.m; sourceTree = "<group>"; };
		EFA6C7271C7747A400EA73D5 /* SocialViewController.h */ = {isa = PBXFileReference; fileEncoding = 4; lastKnownFileType = sourcecode.c.h; path = SocialViewController.h; sourceTree = "<group>"; };
		EFA6C7281C7747A400EA73D5 /* SocialViewController.m */ = {isa = PBXFileReference; fileEncoding = 4; lastKnownFileType = sourcecode.c.objc; path = SocialViewController.m; sourceTree = "<group>"; };
		EFA6C72A1C77485700EA73D5 /* LibraryViewController.h */ = {isa = PBXFileReference; fileEncoding = 4; lastKnownFileType = sourcecode.c.h; path = LibraryViewController.h; sourceTree = "<group>"; };
		EFA6C72B1C77485700EA73D5 /* LibraryViewController.m */ = {isa = PBXFileReference; fileEncoding = 4; lastKnownFileType = sourcecode.c.objc; path = LibraryViewController.m; sourceTree = "<group>"; };
		EFA6C72D1C77486C00EA73D5 /* EditViewController.h */ = {isa = PBXFileReference; fileEncoding = 4; lastKnownFileType = sourcecode.c.h; path = EditViewController.h; sourceTree = "<group>"; };
		EFA6C72E1C77486C00EA73D5 /* EditViewController.m */ = {isa = PBXFileReference; fileEncoding = 4; lastKnownFileType = sourcecode.c.objc; path = EditViewController.m; sourceTree = "<group>"; };
		EFEE04061C7B43E60054EEF2 /* Thumb Up-48.png */ = {isa = PBXFileReference; lastKnownFileType = image.png; path = "Thumb Up-48.png"; sourceTree = "<group>"; };
		EFEE04081C7B43EF0054EEF2 /* Save Filled-50.png */ = {isa = PBXFileReference; lastKnownFileType = image.png; path = "Save Filled-50.png"; sourceTree = "<group>"; };
		EFEE04091C7B43EF0054EEF2 /* Settings Filled-50.png */ = {isa = PBXFileReference; lastKnownFileType = image.png; path = "Settings Filled-50.png"; sourceTree = "<group>"; };
		EFEE040A1C7B43EF0054EEF2 /* Share-48.png */ = {isa = PBXFileReference; lastKnownFileType = image.png; path = "Share-48.png"; sourceTree = "<group>"; };
		EFEE040B1C7B43EF0054EEF2 /* Speech Bubble-48.png */ = {isa = PBXFileReference; lastKnownFileType = image.png; path = "Speech Bubble-48.png"; sourceTree = "<group>"; };
		EFEE04121C7B43F90054EEF2 /* Thumbs Down-48.png */ = {isa = PBXFileReference; lastKnownFileType = image.png; path = "Thumbs Down-48.png"; sourceTree = "<group>"; };
/* End PBXFileReference section */

/* Begin PBXFrameworksBuildPhase section */
		40C4FA5C1C773BD3003CDB34 /* Frameworks */ = {
			isa = PBXFrameworksBuildPhase;
			buildActionMask = 2147483647;
			files = (
				6AA3C7DE1C78A513001091F0 /* CoreImage.framework in Frameworks */,
			);
			runOnlyForDeploymentPostprocessing = 0;
		};
/* End PBXFrameworksBuildPhase section */

/* Begin PBXGroup section */
		40C4FA561C773BD3003CDB34 = {
			isa = PBXGroup;
			children = (
				6AA3C7DD1C78A513001091F0 /* CoreImage.framework */,
				40C4FA611C773BD3003CDB34 /* ImgurMobile */,
				40C4FA601C773BD3003CDB34 /* Products */,
			);
			sourceTree = "<group>";
		};
		40C4FA601C773BD3003CDB34 /* Products */ = {
			isa = PBXGroup;
			children = (
				40C4FA5F1C773BD3003CDB34 /* ImgurMobile.app */,
			);
			name = Products;
			sourceTree = "<group>";
		};
		40C4FA611C773BD3003CDB34 /* ImgurMobile */ = {
			isa = PBXGroup;
			children = (
				6AC562CC1C776C42006C03C0 /* Libs */,
				6AC562C81C776727006C03C0 /* Model */,
				40C4FA651C773BD3003CDB34 /* AppDelegate.h */,
				40C4FA661C773BD3003CDB34 /* AppDelegate.m */,
				40C4FA6B1C773BD3003CDB34 /* Main.storyboard */,
				EFA6C7251C77475600EA73D5 /* UI */,
				40C4FA621C773BD3003CDB34 /* Supporting Files */,
			);
			path = ImgurMobile;
			sourceTree = "<group>";
		};
		40C4FA621C773BD3003CDB34 /* Supporting Files */ = {
			isa = PBXGroup;
			children = (
				EFEE04161C7B441F0054EEF2 /* icons */,
				40C4FA6E1C773BD3003CDB34 /* Assets.xcassets */,
				40C4FA701C773BD3003CDB34 /* LaunchScreen.storyboard */,
				40C4FA731C773BD3003CDB34 /* Info.plist */,
				40C4FA631C773BD3003CDB34 /* main.m */,
			);
			name = "Supporting Files";
			sourceTree = "<group>";
		};
		6AC562C81C776727006C03C0 /* Model */ = {
			isa = PBXGroup;
			children = (
				6AC563101C778B00006C03C0 /* models */,
				97AEA2301C7B1AEC0010CD99 /* synchronization */,
				6AC562C91C776C2B006C03C0 /* imgurServerManager.h */,
				6AC562CA1C776C2B006C03C0 /* imgurServerManager.m */,
				400E64DE1C8215F600B85330 /* ProcessingRequestsViewController.h */,
				400E64DF1C8215F600B85330 /* ProcessingRequestsViewController.m */,
				404D9C421C7A141E0063B912 /* ImgurPosting.h */,
				404D9C431C7A141E0063B912 /* ImgurPosting.m */,
				6AC563041C77893A006C03C0 /* imgurJSONParser.h */,
				6AC563051C77893A006C03C0 /* imgurJSONParser.m */,
				6AEFD2CF1C7BAB2700ADF2FC /* ImgurLoader.h */,
				6AEFD2D01C7BAB2700ADF2FC /* ImgurLoader.m */,
				6AEFD2D21C7BABAA00ADF2FC /* URLGen.h */,
				6AEFD2D31C7BABAA00ADF2FC /* URLGen.m */,
			);
			name = Model;
			sourceTree = "<group>";
		};
		6AC562CC1C776C42006C03C0 /* Libs */ = {
			isa = PBXGroup;
			children = (
				6AC562CD1C776C5B006C03C0 /* AFNetworking */,
				6AC562E11C776C5B006C03C0 /* UIKit+AFNetworking */,
			);
			name = Libs;
			sourceTree = "<group>";
		};
		6AC562CD1C776C5B006C03C0 /* AFNetworking */ = {
			isa = PBXGroup;
			children = (
				6AC562CE1C776C5B006C03C0 /* AFHTTPRequestOperation.h */,
				6AC562CF1C776C5B006C03C0 /* AFHTTPRequestOperation.m */,
				6AC562D01C776C5B006C03C0 /* AFHTTPRequestOperationManager.h */,
				6AC562D11C776C5B006C03C0 /* AFHTTPRequestOperationManager.m */,
				6AC562D21C776C5B006C03C0 /* AFHTTPSessionManager.h */,
				6AC562D31C776C5B006C03C0 /* AFHTTPSessionManager.m */,
				6AC562D41C776C5B006C03C0 /* AFNetworking.h */,
				6AC562D51C776C5B006C03C0 /* AFNetworkReachabilityManager.h */,
				6AC562D61C776C5B006C03C0 /* AFNetworkReachabilityManager.m */,
				6AC562D71C776C5B006C03C0 /* AFSecurityPolicy.h */,
				6AC562D81C776C5B006C03C0 /* AFSecurityPolicy.m */,
				6AC562D91C776C5B006C03C0 /* AFURLConnectionOperation.h */,
				6AC562DA1C776C5B006C03C0 /* AFURLConnectionOperation.m */,
				6AC562DB1C776C5B006C03C0 /* AFURLRequestSerialization.h */,
				6AC562DC1C776C5B006C03C0 /* AFURLRequestSerialization.m */,
				6AC562DD1C776C5B006C03C0 /* AFURLResponseSerialization.h */,
				6AC562DE1C776C5B006C03C0 /* AFURLResponseSerialization.m */,
				6AC562DF1C776C5B006C03C0 /* AFURLSessionManager.h */,
				6AC562E01C776C5B006C03C0 /* AFURLSessionManager.m */,
			);
			path = AFNetworking;
			sourceTree = "<group>";
		};
		6AC562E11C776C5B006C03C0 /* UIKit+AFNetworking */ = {
			isa = PBXGroup;
			children = (
				6AC562E21C776C5B006C03C0 /* AFNetworkActivityIndicatorManager.h */,
				6AC562E31C776C5B006C03C0 /* AFNetworkActivityIndicatorManager.m */,
				6AC562E41C776C5B006C03C0 /* UIActivityIndicatorView+AFNetworking.h */,
				6AC562E51C776C5B006C03C0 /* UIActivityIndicatorView+AFNetworking.m */,
				6AC562E61C776C5B006C03C0 /* UIAlertView+AFNetworking.h */,
				6AC562E71C776C5B006C03C0 /* UIAlertView+AFNetworking.m */,
				6AC562E81C776C5B006C03C0 /* UIButton+AFNetworking.h */,
				6AC562E91C776C5B006C03C0 /* UIButton+AFNetworking.m */,
				6AC562EA1C776C5B006C03C0 /* UIImageView+AFNetworking.h */,
				6AC562EB1C776C5B006C03C0 /* UIImageView+AFNetworking.m */,
				6AC562EC1C776C5B006C03C0 /* UIKit+AFNetworking.h */,
				6AC562ED1C776C5B006C03C0 /* UIProgressView+AFNetworking.h */,
				6AC562EE1C776C5B006C03C0 /* UIProgressView+AFNetworking.m */,
				6AC562EF1C776C5B006C03C0 /* UIRefreshControl+AFNetworking.h */,
				6AC562F01C776C5B006C03C0 /* UIRefreshControl+AFNetworking.m */,
				6AC562F11C776C5B006C03C0 /* UIWebView+AFNetworking.h */,
				6AC562F21C776C5B006C03C0 /* UIWebView+AFNetworking.m */,
			);
			path = "UIKit+AFNetworking";
			sourceTree = "<group>";
		};
		6AC563101C778B00006C03C0 /* models */ = {
			isa = PBXGroup;
			children = (
				40C4FA841C78B8F3003CDB34 /* ImgurLoginViewController.h */,
				40C4FA851C78B8F3003CDB34 /* ImgurLoginViewController.m */,
				40C4FA871C78BA00003CDB34 /* ImgurAccessToken.h */,
				40C4FA881C78BA00003CDB34 /* ImgurAccessToken.m */,
				6AC5630A1C778A64006C03C0 /* imgurAlbum.h */,
				6AC5630B1C778A64006C03C0 /* imgurAlbum.m */,
				6AC5630D1C778AF9006C03C0 /* imgurPost.h */,
				6AC5630E1C778AF9006C03C0 /* imgurPost.m */,
				40C4FA8D1C78CB80003CDB34 /* imgurUser.h */,
				40C4FA8E1C78CB80003CDB34 /* ImgurUser.m */,
			);
			name = models;
			sourceTree = "<group>";
		};
		6ACB13DD1C7C6C95004237DD /* Edit */ = {
			isa = PBXGroup;
			children = (
				EFA6C72D1C77486C00EA73D5 /* EditViewController.h */,
				EFA6C72E1C77486C00EA73D5 /* EditViewController.m */,
				6ACB13DE1C7C6CDD004237DD /* SettingsMenuViewController.h */,
				6ACB13DF1C7C6CDD004237DD /* SettingsMenuViewController.m */,
				6ACB13E11C7C6CF9004237DD /* FiltersMenuViewController.h */,
				6ACB13E21C7C6CF9004237DD /* FiltersMenuViewController.m */,
				6ACB13E41C7C6D0A004237DD /* FontsMenuViewController.h */,
				6ACB13E51C7C6D0A004237DD /* FontsMenuViewController.m */,
				6ACB13E81C7CE38F004237DD /* UIView+SuperClassChecker.h */,
				6ACB13E91C7CE38F004237DD /* UIView+SuperClassChecker.m */,
				6A6A6B081C7E166000DE946E /* UIImage+Resize.h */,
				6A6A6B091C7E166000DE946E /* UIImage+Resize.m */,
				6A6A6B0B1C7E257E00DE946E /* ImageFilterProcessor.h */,
				6A6A6B0C1C7E257E00DE946E /* ImageFilterProcessor.m */,
				6AE7F1791C80CC4F005C4F80 /* UIActivityIndicatorView+manager.m */,
				6AE7F1781C80CC4F005C4F80 /* UIActivityIndicatorView+manager.h */,
				6A8EE1971C833F17002DF4B6 /* UIButton+highlighter.h */,
				6A8EE1981C833F17002DF4B6 /* UIButton+highlighter.m */,
				6A8EE19A1C834AD6002DF4B6 /* UIImageView+imageRectGetter.h */,
				6A8EE19B1C834AD6002DF4B6 /* UIImageView+imageRectGetter.m */,
				6ACB13E71C7C9806004237DD /* EditProtocolHeader.h */,
			);
			name = Edit;
			sourceTree = "<group>";
		};
		97305C061C80764800663B6C /* TPLib */ = {
			isa = PBXGroup;
			children = (
				97305C031C80764200663B6C /* UIImage+animatedGIF.h */,
				97305C041C80764200663B6C /* UIImage+animatedGIF.m */,
			);
			name = TPLib;
			sourceTree = "<group>";
		};
		975D23021C7F357E00D3A4B7 /* mainScreen */ = {
			isa = PBXGroup;
			children = (
				EFA6C7221C77474E00EA73D5 /* MainViewController.h */,
				EFA6C7231C77474E00EA73D5 /* MainViewController.m */,
				976842231C7C8D6700F613B5 /* imgurCell.h */,
				976842241C7C8D6700F613B5 /* imgurCell.m */,
				973F0AE51C7DDEDB00C67BCD /* ImgurPost+Description.h */,
				973F0AE61C7DDF3200C67BCD /* ImgurPost+Description.m */,
				975D23061C7F495600D3A4B7 /* PageInfoDelegate.h */,
				975D23031C7F3D9000D3A4B7 /* PageInfoViewController.h */,
				975D23041C7F3D9000D3A4B7 /* PageInfoViewController.m */,
				97305C061C80764800663B6C /* TPLib */,
			);
			name = mainScreen;
			sourceTree = "<group>";
		};
		97AEA2301C7B1AEC0010CD99 /* synchronization */ = {
			isa = PBXGroup;
			children = (
				97AEA2311C7B1B520010CD99 /* Node.h */,
				97AEA2321C7B1B520010CD99 /* Node.m */,
				97AEA2341C7B20DA0010CD99 /* NotChalengingQueue.h */,
				97AEA2351C7B20DA0010CD99 /* NotChalengingQueue.m */,
			);
			name = synchronization;
			sourceTree = "<group>";
		};
		EF11841C1C8335C8000FB6A1 /* Social */ = {
			isa = PBXGroup;
			children = (
				EF11841D1C8335F8000FB6A1 /* RESTAPI.h */,
				EF11841E1C8335F8000FB6A1 /* RESTAPI.m */,
				EFA6C7271C7747A400EA73D5 /* SocialViewController.h */,
				EFA6C7281C7747A400EA73D5 /* SocialViewController.m */,
			);
			name = Social;
			sourceTree = "<group>";
		};
		EFA6C7251C77475600EA73D5 /* UI */ = {
			isa = PBXGroup;
			children = (
				EF11841C1C8335C8000FB6A1 /* Social */,
				6ACB13DD1C7C6C95004237DD /* Edit */,
				975D23021C7F357E00D3A4B7 /* mainScreen */,
				EFA6C7271C7747A400EA73D5 /* SocialViewController.h */,
				EFA6C7281C7747A400EA73D5 /* SocialViewController.m */,
				EFA6C72A1C77485700EA73D5 /* LibraryViewController.h */,
				EFA6C72B1C77485700EA73D5 /* LibraryViewController.m */,
			);
			name = UI;
			sourceTree = "<group>";
		};
		EFEE04161C7B441F0054EEF2 /* icons */ = {
			isa = PBXGroup;
			children = (
				EF1F250F1C7C583C0061DD53 /* Like Filled-48.png */,
				EFEE04121C7B43F90054EEF2 /* Thumbs Down-48.png */,
				EFEE04081C7B43EF0054EEF2 /* Save Filled-50.png */,
				EFEE04091C7B43EF0054EEF2 /* Settings Filled-50.png */,
				EFEE040A1C7B43EF0054EEF2 /* Share-48.png */,
				EFEE040B1C7B43EF0054EEF2 /* Speech Bubble-48.png */,
				EFEE04061C7B43E60054EEF2 /* Thumb Up-48.png */,
				EF09022B1C77500000D9CF5E /* socialControllerIcon.png */,
			);
			name = icons;
			sourceTree = "<group>";
		};
/* End PBXGroup section */

/* Begin PBXNativeTarget section */
		40C4FA5E1C773BD3003CDB34 /* ImgurMobile */ = {
			isa = PBXNativeTarget;
			buildConfigurationList = 40C4FA761C773BD3003CDB34 /* Build configuration list for PBXNativeTarget "ImgurMobile" */;
			buildPhases = (
				40C4FA5B1C773BD3003CDB34 /* Sources */,
				40C4FA5C1C773BD3003CDB34 /* Frameworks */,
				40C4FA5D1C773BD3003CDB34 /* Resources */,
			);
			buildRules = (
			);
			dependencies = (
			);
			name = ImgurMobile;
			productName = ImgurMobile;
			productReference = 40C4FA5F1C773BD3003CDB34 /* ImgurMobile.app */;
			productType = "com.apple.product-type.application";
		};
/* End PBXNativeTarget section */

/* Begin PBXProject section */
		40C4FA571C773BD3003CDB34 /* Project object */ = {
			isa = PBXProject;
			attributes = {
				LastUpgradeCheck = 0710;
				ORGANIZATIONNAME = Melany;
				TargetAttributes = {
					40C4FA5E1C773BD3003CDB34 = {
						CreatedOnToolsVersion = 7.1.1;
					};
				};
			};
			buildConfigurationList = 40C4FA5A1C773BD3003CDB34 /* Build configuration list for PBXProject "ImgurMobile" */;
			compatibilityVersion = "Xcode 3.2";
			developmentRegion = English;
			hasScannedForEncodings = 0;
			knownRegions = (
				en,
				Base,
			);
			mainGroup = 40C4FA561C773BD3003CDB34;
			productRefGroup = 40C4FA601C773BD3003CDB34 /* Products */;
			projectDirPath = "";
			projectRoot = "";
			targets = (
				40C4FA5E1C773BD3003CDB34 /* ImgurMobile */,
			);
		};
/* End PBXProject section */

/* Begin PBXResourcesBuildPhase section */
		40C4FA5D1C773BD3003CDB34 /* Resources */ = {
			isa = PBXResourcesBuildPhase;
			buildActionMask = 2147483647;
			files = (
				EFEE040F1C7B43EF0054EEF2 /* Speech Bubble-48.png in Resources */,
				EFEE040C1C7B43EF0054EEF2 /* Save Filled-50.png in Resources */,
				EFEE04071C7B43E60054EEF2 /* Thumb Up-48.png in Resources */,
				EF1F25101C7C583C0061DD53 /* Like Filled-48.png in Resources */,
				40C4FA721C773BD3003CDB34 /* LaunchScreen.storyboard in Resources */,
				EFEE040E1C7B43EF0054EEF2 /* Share-48.png in Resources */,
				40C4FA6F1C773BD3003CDB34 /* Assets.xcassets in Resources */,
				40C4FA6D1C773BD3003CDB34 /* Main.storyboard in Resources */,
				EFEE04151C7B43F90054EEF2 /* Thumbs Down-48.png in Resources */,
				EF09022C1C77500000D9CF5E /* socialControllerIcon.png in Resources */,
				EFEE040D1C7B43EF0054EEF2 /* Settings Filled-50.png in Resources */,
			);
			runOnlyForDeploymentPostprocessing = 0;
		};
/* End PBXResourcesBuildPhase section */

/* Begin PBXSourcesBuildPhase section */
		40C4FA5B1C773BD3003CDB34 /* Sources */ = {
			isa = PBXSourcesBuildPhase;
			buildActionMask = 2147483647;
			files = (
				6AC563021C776C5B006C03C0 /* UIRefreshControl+AFNetworking.m in Sources */,
				6AE7F17A1C80CC4F005C4F80 /* UIActivityIndicatorView+manager.m in Sources */,
				6AC562F81C776C5B006C03C0 /* AFURLConnectionOperation.m in Sources */,
				EFA6C72C1C77485700EA73D5 /* LibraryViewController.m in Sources */,
				6AC563011C776C5B006C03C0 /* UIProgressView+AFNetworking.m in Sources */,
				6AC5630C1C778A64006C03C0 /* imgurAlbum.m in Sources */,
				40C4FA671C773BD3003CDB34 /* AppDelegate.m in Sources */,
				6AC562FE1C776C5B006C03C0 /* UIAlertView+AFNetworking.m in Sources */,
				97AEA2331C7B1B520010CD99 /* Node.m in Sources */,
				40C4FA641C773BD3003CDB34 /* main.m in Sources */,
				6A6A6B0A1C7E166000DE946E /* UIImage+Resize.m in Sources */,
				6AC562FA1C776C5B006C03C0 /* AFURLResponseSerialization.m in Sources */,
				6AC562FF1C776C5B006C03C0 /* UIButton+AFNetworking.m in Sources */,
				6AC562CB1C776C2B006C03C0 /* imgurServerManager.m in Sources */,
				6AC562FD1C776C5B006C03C0 /* UIActivityIndicatorView+AFNetworking.m in Sources */,
				97305C051C80764200663B6C /* UIImage+animatedGIF.m in Sources */,
				6ACB13E31C7C6CF9004237DD /* FiltersMenuViewController.m in Sources */,
				6ACB13E61C7C6D0A004237DD /* FontsMenuViewController.m in Sources */,
				6AC563061C77893A006C03C0 /* imgurJSONParser.m in Sources */,
				40C4FA8F1C78CB80003CDB34 /* ImgurUser.m in Sources */,
				6AC562F91C776C5B006C03C0 /* AFURLRequestSerialization.m in Sources */,
				6AC562FC1C776C5B006C03C0 /* AFNetworkActivityIndicatorManager.m in Sources */,
				6AEFD2D41C7BABAA00ADF2FC /* URLGen.m in Sources */,
				6ACB13EA1C7CE38F004237DD /* UIView+SuperClassChecker.m in Sources */,
				404D9C441C7A141E0063B912 /* ImgurPosting.m in Sources */,
				EF11841F1C8335F8000FB6A1 /* RESTAPI.m in Sources */,
				40C4FA861C78B8F3003CDB34 /* ImgurLoginViewController.m in Sources */,
				6AC562F71C776C5B006C03C0 /* AFSecurityPolicy.m in Sources */,
				975D23051C7F3D9000D3A4B7 /* PageInfoViewController.m in Sources */,
				97AEA2361C7B20DA0010CD99 /* NotChalengingQueue.m in Sources */,
				976842251C7C8D6700F613B5 /* imgurCell.m in Sources */,
				6AC562F31C776C5B006C03C0 /* AFHTTPRequestOperation.m in Sources */,
				6AC562FB1C776C5B006C03C0 /* AFURLSessionManager.m in Sources */,
				EFA6C7241C77474E00EA73D5 /* MainViewController.m in Sources */,
				6ACB13E01C7C6CDD004237DD /* SettingsMenuViewController.m in Sources */,
				EFA6C72F1C77486C00EA73D5 /* EditViewController.m in Sources */,
				6AC562F51C776C5B006C03C0 /* AFHTTPSessionManager.m in Sources */,
				EFA6C7291C7747A400EA73D5 /* SocialViewController.m in Sources */,
				6AEFD2D11C7BAB2700ADF2FC /* ImgurLoader.m in Sources */,
				6AC563031C776C5B006C03C0 /* UIWebView+AFNetworking.m in Sources */,
				6AC5630F1C778AF9006C03C0 /* imgurPost.m in Sources */,
				973F0AE71C7DDF3200C67BCD /* ImgurPost+Description.m in Sources */,
				6AC562F61C776C5B006C03C0 /* AFNetworkReachabilityManager.m in Sources */,
				6AC563001C776C5B006C03C0 /* UIImageView+AFNetworking.m in Sources */,
				40C4FA891C78BA00003CDB34 /* ImgurAccessToken.m in Sources */,
				6AC562F41C776C5B006C03C0 /* AFHTTPRequestOperationManager.m in Sources */,
				6A8EE19C1C834AD7002DF4B6 /* UIImageView+imageRectGetter.m in Sources */,
			);
			runOnlyForDeploymentPostprocessing = 0;
		};
/* End PBXSourcesBuildPhase section */

/* Begin PBXVariantGroup section */
		40C4FA6B1C773BD3003CDB34 /* Main.storyboard */ = {
			isa = PBXVariantGroup;
			children = (
				40C4FA6C1C773BD3003CDB34 /* Base */,
			);
			name = Main.storyboard;
			sourceTree = "<group>";
		};
		40C4FA701C773BD3003CDB34 /* LaunchScreen.storyboard */ = {
			isa = PBXVariantGroup;
			children = (
				40C4FA711C773BD3003CDB34 /* Base */,
			);
			name = LaunchScreen.storyboard;
			sourceTree = "<group>";
		};
/* End PBXVariantGroup section */

/* Begin XCBuildConfiguration section */
		40C4FA741C773BD3003CDB34 /* Debug */ = {
			isa = XCBuildConfiguration;
			buildSettings = {
				ALWAYS_SEARCH_USER_PATHS = NO;
				CLANG_CXX_LANGUAGE_STANDARD = "gnu++0x";
				CLANG_CXX_LIBRARY = "libc++";
				CLANG_ENABLE_MODULES = YES;
				CLANG_ENABLE_OBJC_ARC = YES;
				CLANG_WARN_BOOL_CONVERSION = YES;
				CLANG_WARN_CONSTANT_CONVERSION = YES;
				CLANG_WARN_DIRECT_OBJC_ISA_USAGE = YES_ERROR;
				CLANG_WARN_EMPTY_BODY = YES;
				CLANG_WARN_ENUM_CONVERSION = YES;
				CLANG_WARN_INT_CONVERSION = YES;
				CLANG_WARN_OBJC_ROOT_CLASS = YES_ERROR;
				CLANG_WARN_UNREACHABLE_CODE = YES;
				CLANG_WARN__DUPLICATE_METHOD_MATCH = YES;
				"CODE_SIGN_IDENTITY[sdk=iphoneos*]" = "iPhone Developer";
				COPY_PHASE_STRIP = NO;
				DEBUG_INFORMATION_FORMAT = dwarf;
				ENABLE_STRICT_OBJC_MSGSEND = YES;
				ENABLE_TESTABILITY = YES;
				GCC_C_LANGUAGE_STANDARD = gnu99;
				GCC_DYNAMIC_NO_PIC = NO;
				GCC_NO_COMMON_BLOCKS = YES;
				GCC_OPTIMIZATION_LEVEL = 0;
				GCC_PREPROCESSOR_DEFINITIONS = (
					"DEBUG=1",
					"$(inherited)",
				);
				GCC_WARN_64_TO_32_BIT_CONVERSION = YES;
				GCC_WARN_ABOUT_RETURN_TYPE = YES_ERROR;
				GCC_WARN_UNDECLARED_SELECTOR = YES;
				GCC_WARN_UNINITIALIZED_AUTOS = YES_AGGRESSIVE;
				GCC_WARN_UNUSED_FUNCTION = YES;
				GCC_WARN_UNUSED_VARIABLE = YES;
				IPHONEOS_DEPLOYMENT_TARGET = 9.1;
				MTL_ENABLE_DEBUG_INFO = YES;
				ONLY_ACTIVE_ARCH = YES;
				SDKROOT = iphoneos;
				TARGETED_DEVICE_FAMILY = "1,2";
			};
			name = Debug;
		};
		40C4FA751C773BD3003CDB34 /* Release */ = {
			isa = XCBuildConfiguration;
			buildSettings = {
				ALWAYS_SEARCH_USER_PATHS = NO;
				CLANG_CXX_LANGUAGE_STANDARD = "gnu++0x";
				CLANG_CXX_LIBRARY = "libc++";
				CLANG_ENABLE_MODULES = YES;
				CLANG_ENABLE_OBJC_ARC = YES;
				CLANG_WARN_BOOL_CONVERSION = YES;
				CLANG_WARN_CONSTANT_CONVERSION = YES;
				CLANG_WARN_DIRECT_OBJC_ISA_USAGE = YES_ERROR;
				CLANG_WARN_EMPTY_BODY = YES;
				CLANG_WARN_ENUM_CONVERSION = YES;
				CLANG_WARN_INT_CONVERSION = YES;
				CLANG_WARN_OBJC_ROOT_CLASS = YES_ERROR;
				CLANG_WARN_UNREACHABLE_CODE = YES;
				CLANG_WARN__DUPLICATE_METHOD_MATCH = YES;
				"CODE_SIGN_IDENTITY[sdk=iphoneos*]" = "iPhone Developer";
				COPY_PHASE_STRIP = NO;
				DEBUG_INFORMATION_FORMAT = "dwarf-with-dsym";
				ENABLE_NS_ASSERTIONS = NO;
				ENABLE_STRICT_OBJC_MSGSEND = YES;
				GCC_C_LANGUAGE_STANDARD = gnu99;
				GCC_NO_COMMON_BLOCKS = YES;
				GCC_WARN_64_TO_32_BIT_CONVERSION = YES;
				GCC_WARN_ABOUT_RETURN_TYPE = YES_ERROR;
				GCC_WARN_UNDECLARED_SELECTOR = YES;
				GCC_WARN_UNINITIALIZED_AUTOS = YES_AGGRESSIVE;
				GCC_WARN_UNUSED_FUNCTION = YES;
				GCC_WARN_UNUSED_VARIABLE = YES;
				IPHONEOS_DEPLOYMENT_TARGET = 9.1;
				MTL_ENABLE_DEBUG_INFO = NO;
				SDKROOT = iphoneos;
				TARGETED_DEVICE_FAMILY = "1,2";
				VALIDATE_PRODUCT = YES;
			};
			name = Release;
		};
		40C4FA771C773BD3003CDB34 /* Debug */ = {
			isa = XCBuildConfiguration;
			buildSettings = {
				ASSETCATALOG_COMPILER_APPICON_NAME = AppIcon;
				INFOPLIST_FILE = ImgurMobile/Info.plist;
				LD_RUNPATH_SEARCH_PATHS = "$(inherited) @executable_path/Frameworks";
				PRODUCT_BUNDLE_IDENTIFIER = Melany.ImgurMobile;
				PRODUCT_NAME = "$(TARGET_NAME)";
			};
			name = Debug;
		};
		40C4FA781C773BD3003CDB34 /* Release */ = {
			isa = XCBuildConfiguration;
			buildSettings = {
				ASSETCATALOG_COMPILER_APPICON_NAME = AppIcon;
				INFOPLIST_FILE = ImgurMobile/Info.plist;
				LD_RUNPATH_SEARCH_PATHS = "$(inherited) @executable_path/Frameworks";
				PRODUCT_BUNDLE_IDENTIFIER = Melany.ImgurMobile;
				PRODUCT_NAME = "$(TARGET_NAME)";
			};
			name = Release;
		};
/* End XCBuildConfiguration section */

/* Begin XCConfigurationList section */
		40C4FA5A1C773BD3003CDB34 /* Build configuration list for PBXProject "ImgurMobile" */ = {
			isa = XCConfigurationList;
			buildConfigurations = (
				40C4FA741C773BD3003CDB34 /* Debug */,
				40C4FA751C773BD3003CDB34 /* Release */,
			);
			defaultConfigurationIsVisible = 0;
			defaultConfigurationName = Release;
		};
		40C4FA761C773BD3003CDB34 /* Build configuration list for PBXNativeTarget "ImgurMobile" */ = {
			isa = XCConfigurationList;
			buildConfigurations = (
				40C4FA771C773BD3003CDB34 /* Debug */,
				40C4FA781C773BD3003CDB34 /* Release */,
			);
			defaultConfigurationIsVisible = 0;
			defaultConfigurationName = Release;
		};
/* End XCConfigurationList section */
	};
	rootObject = 40C4FA571C773BD3003CDB34 /* Project object */;
}
